
Microsoft Visual Studio Solution File, Format Version 12.00
# Visual Studio Version 16
VisualStudioVersion = 16.0.31410.357
MinimumVisualStudioVersion = 10.0.40219.1
Project("{FAE04EC0-301F-11D3-BF4B-00C04F79EFBC}") = "InAndOut", "InAndOut.csproj", "{49B61737-FCA3-46D9-9FAC-1F32B0DFE37A}"
EndProject
Global
	GlobalSection(SolutionConfigurationPlatforms) = preSolution
		Debug|Any CPU = Debug|Any CPU
		Release|Any CPU = Release|Any CPU
	EndGlobalSection
	GlobalSection(ProjectConfigurationPlatforms) = postSolution
		{49B61737-FCA3-46D9-9FAC-1F32B0DFE37A}.Debug|Any CPU.ActiveCfg = Debug|Any CPU
		{49B61737-FCA3-46D9-9FAC-1F32B0DFE37A}.Debug|Any CPU.Build.0 = Debug|Any CPU
		{49B61737-FCA3-46D9-9FAC-1F32B0DFE37A}.Release|Any CPU.ActiveCfg = Release|Any CPU
		{49B61737-FCA3-46D9-9FAC-1F32B0DFE37A}.Release|Any CPU.Build.0 = Release|Any CPU
	EndGlobalSection
	GlobalSection(SolutionProperties) = preSolution
		HideSolutionNode = FALSE
	EndGlobalSection
	GlobalSection(ExtensibilityGlobals) = postSolution
		SolutionGuid = {3F448019-B747-4CBD-8613-6C3ED8492DDC}
	EndGlobalSection
EndGlobal
